
Microsoft Visual Studio Solution File, Format Version 12.00
# Visual Studio Version 17
VisualStudioVersion = 17.8.34330.188
MinimumVisualStudioVersion = 10.0.40219.1
Project("{FAE04EC0-301F-11D3-BF4B-00C04F79EFBC}") = "List", "List\List.csproj", "{9F37F780-7608-4916-A2EF-C3746FCEE959}"
EndProject
Global
	GlobalSection(SolutionConfigurationPlatforms) = preSolution
		Debug|Any CPU = Debug|Any CPU
		Release|Any CPU = Release|Any CPU
	EndGlobalSection
	GlobalSection(ProjectConfigurationPlatforms) = postSolution
		{9F37F780-7608-4916-A2EF-C3746FCEE959}.Debug|Any CPU.ActiveCfg = Debug|Any CPU
		{9F37F780-7608-4916-A2EF-C3746FCEE959}.Debug|Any CPU.Build.0 = Debug|Any CPU
		{9F37F780-7608-4916-A2EF-C3746FCEE959}.Release|Any CPU.ActiveCfg = Release|Any CPU
		{9F37F780-7608-4916-A2EF-C3746FCEE959}.Release|Any CPU.Build.0 = Release|Any CPU
	EndGlobalSection
	GlobalSection(SolutionProperties) = preSolution
		HideSolutionNode = FALSE
	EndGlobalSection
	GlobalSection(ExtensibilityGlobals) = postSolution
		SolutionGuid = {D6FCF56D-3DDA-49F7-A84E-255670342A2A}
	EndGlobalSection
EndGlobal
