
Microsoft Visual Studio Solution File, Format Version 12.00
# Visual Studio Version 17
VisualStudioVersion = 17.8.34330.188
MinimumVisualStudioVersion = 10.0.40219.1
Project("{FAE04EC0-301F-11D3-BF4B-00C04F79EFBC}") = "IntroToClasses", "IntroToClasses\IntroToClasses.csproj", "{7460AFFA-8269-42DA-986D-A23DD5537437}"
EndProject
Global
	GlobalSection(SolutionConfigurationPlatforms) = preSolution
		Debug|Any CPU = Debug|Any CPU
		Release|Any CPU = Release|Any CPU
	EndGlobalSection
	GlobalSection(ProjectConfigurationPlatforms) = postSolution
		{7460AFFA-8269-42DA-986D-A23DD5537437}.Debug|Any CPU.ActiveCfg = Debug|Any CPU
		{7460AFFA-8269-42DA-986D-A23DD5537437}.Debug|Any CPU.Build.0 = Debug|Any CPU
		{7460AFFA-8269-42DA-986D-A23DD5537437}.Release|Any CPU.ActiveCfg = Release|Any CPU
		{7460AFFA-8269-42DA-986D-A23DD5537437}.Release|Any CPU.Build.0 = Release|Any CPU
	EndGlobalSection
	GlobalSection(SolutionProperties) = preSolution
		HideSolutionNode = FALSE
	EndGlobalSection
	GlobalSection(ExtensibilityGlobals) = postSolution
		SolutionGuid = {62020F2C-C88C-4F30-8EF9-CCD5ED50A46C}
	EndGlobalSection
EndGlobal
